// !$*UTF8*$!
{
	archiveVersion = 1;
	classes = {
	};
	objectVersion = 46;
	objects = {

/* Begin PBXBuildFile section */
		9D2DFED7435E43C38882C972 /* libPods.a in Frameworks */ = {isa = PBXBuildFile; fileRef = 812DB0B5CABC4FAAAFA5CF8F /* libPods.a */; };
		AA5C03AF192E2D3900D31573 /* MainViewController.m in Sources */ = {isa = PBXBuildFile; fileRef = AA5C03AE192E2D3900D31573 /* MainViewController.m */; };
		AAF83111192BC70E006D5275 /* Foundation.framework in Frameworks */ = {isa = PBXBuildFile; fileRef = AAF83110192BC70E006D5275 /* Foundation.framework */; };
		AAF83113192BC70E006D5275 /* CoreGraphics.framework in Frameworks */ = {isa = PBXBuildFile; fileRef = AAF83112192BC70E006D5275 /* CoreGraphics.framework */; };
		AAF83115192BC70E006D5275 /* UIKit.framework in Frameworks */ = {isa = PBXBuildFile; fileRef = AAF83114192BC70E006D5275 /* UIKit.framework */; };
		AAF8311B192BC70E006D5275 /* InfoPlist.strings in Resources */ = {isa = PBXBuildFile; fileRef = AAF83119192BC70E006D5275 /* InfoPlist.strings */; };
		AAF8311D192BC70E006D5275 /* main.m in Sources */ = {isa = PBXBuildFile; fileRef = AAF8311C192BC70E006D5275 /* main.m */; };
		AAF83121192BC70E006D5275 /* AppDelegate.m in Sources */ = {isa = PBXBuildFile; fileRef = AAF83120192BC70E006D5275 /* AppDelegate.m */; };
		AAF83123192BC70E006D5275 /* Images.xcassets in Resources */ = {isa = PBXBuildFile; fileRef = AAF83122192BC70E006D5275 /* Images.xcassets */; };
		AAF8312A192BC70E006D5275 /* XCTest.framework in Frameworks */ = {isa = PBXBuildFile; fileRef = AAF83129192BC70E006D5275 /* XCTest.framework */; };
		AAF8312B192BC70E006D5275 /* Foundation.framework in Frameworks */ = {isa = PBXBuildFile; fileRef = AAF83110192BC70E006D5275 /* Foundation.framework */; };
		AAF8312C192BC70E006D5275 /* UIKit.framework in Frameworks */ = {isa = PBXBuildFile; fileRef = AAF83114192BC70E006D5275 /* UIKit.framework */; };
		AAF83134192BC70E006D5275 /* InfoPlist.strings in Resources */ = {isa = PBXBuildFile; fileRef = AAF83132192BC70E006D5275 /* InfoPlist.strings */; };
		AAF83136192BC70E006D5275 /* RedditAppTests.m in Sources */ = {isa = PBXBuildFile; fileRef = AAF83135192BC70E006D5275 /* RedditAppTests.m */; };
		AAF8A5BB192D3B63001BFA5D /* RedditService.m in Sources */ = {isa = PBXBuildFile; fileRef = AAF8A5BA192D3B63001BFA5D /* RedditService.m */; };
/* End PBXBuildFile section */

/* Begin PBXContainerItemProxy section */
		AAF8312D192BC70E006D5275 /* PBXContainerItemProxy */ = {
			isa = PBXContainerItemProxy;
			containerPortal = AAF83105192BC70E006D5275 /* Project object */;
			proxyType = 1;
			remoteGlobalIDString = AAF8310C192BC70E006D5275;
			remoteInfo = RedditApp;
		};
/* End PBXContainerItemProxy section */

/* Begin PBXFileReference section */
		812DB0B5CABC4FAAAFA5CF8F /* libPods.a */ = {isa = PBXFileReference; explicitFileType = archive.ar; includeInIndex = 0; path = libPods.a; sourceTree = BUILT_PRODUCTS_DIR; };
		9A51AF9DF7E440C1BEB0BA6B /* Pods.xcconfig */ = {isa = PBXFileReference; includeInIndex = 1; lastKnownFileType = text.xcconfig; name = Pods.xcconfig; path = Pods/Pods.xcconfig; sourceTree = "<group>"; };
		AA5C03AD192E2D3900D31573 /* MainViewController.h */ = {isa = PBXFileReference; fileEncoding = 4; lastKnownFileType = sourcecode.c.h; path = MainViewController.h; sourceTree = "<group>"; };
		AA5C03AE192E2D3900D31573 /* MainViewController.m */ = {isa = PBXFileReference; fileEncoding = 4; lastKnownFileType = sourcecode.c.objc; path = MainViewController.m; sourceTree = "<group>"; };
		AAF8310D192BC70E006D5275 /* RedditApp.app */ = {isa = PBXFileReference; explicitFileType = wrapper.application; includeInIndex = 0; path = RedditApp.app; sourceTree = BUILT_PRODUCTS_DIR; };
		AAF83110192BC70E006D5275 /* Foundation.framework */ = {isa = PBXFileReference; lastKnownFileType = wrapper.framework; name = Foundation.framework; path = System/Library/Frameworks/Foundation.framework; sourceTree = SDKROOT; };
		AAF83112192BC70E006D5275 /* CoreGraphics.framework */ = {isa = PBXFileReference; lastKnownFileType = wrapper.framework; name = CoreGraphics.framework; path = System/Library/Frameworks/CoreGraphics.framework; sourceTree = SDKROOT; };
		AAF83114192BC70E006D5275 /* UIKit.framework */ = {isa = PBXFileReference; lastKnownFileType = wrapper.framework; name = UIKit.framework; path = System/Library/Frameworks/UIKit.framework; sourceTree = SDKROOT; };
		AAF83118192BC70E006D5275 /* RedditApp-Info.plist */ = {isa = PBXFileReference; lastKnownFileType = text.plist.xml; path = "RedditApp-Info.plist"; sourceTree = "<group>"; };
		AAF8311A192BC70E006D5275 /* en */ = {isa = PBXFileReference; lastKnownFileType = text.plist.strings; name = en; path = en.lproj/InfoPlist.strings; sourceTree = "<group>"; };
		AAF8311C192BC70E006D5275 /* main.m */ = {isa = PBXFileReference; lastKnownFileType = sourcecode.c.objc; path = main.m; sourceTree = "<group>"; };
		AAF8311E192BC70E006D5275 /* RedditApp-Prefix.pch */ = {isa = PBXFileReference; lastKnownFileType = sourcecode.c.h; path = "RedditApp-Prefix.pch"; sourceTree = "<group>"; };
		AAF8311F192BC70E006D5275 /* AppDelegate.h */ = {isa = PBXFileReference; lastKnownFileType = sourcecode.c.h; path = AppDelegate.h; sourceTree = "<group>"; };
		AAF83120192BC70E006D5275 /* AppDelegate.m */ = {isa = PBXFileReference; lastKnownFileType = sourcecode.c.objc; path = AppDelegate.m; sourceTree = "<group>"; };
		AAF83122192BC70E006D5275 /* Images.xcassets */ = {isa = PBXFileReference; lastKnownFileType = folder.assetcatalog; path = Images.xcassets; sourceTree = "<group>"; };
		AAF83128192BC70E006D5275 /* RedditAppTests.xctest */ = {isa = PBXFileReference; explicitFileType = wrapper.cfbundle; includeInIndex = 0; path = RedditAppTests.xctest; sourceTree = BUILT_PRODUCTS_DIR; };
		AAF83129192BC70E006D5275 /* XCTest.framework */ = {isa = PBXFileReference; lastKnownFileType = wrapper.framework; name = XCTest.framework; path = Library/Frameworks/XCTest.framework; sourceTree = DEVELOPER_DIR; };
		AAF83131192BC70E006D5275 /* RedditAppTests-Info.plist */ = {isa = PBXFileReference; lastKnownFileType = text.plist.xml; path = "RedditAppTests-Info.plist"; sourceTree = "<group>"; };
		AAF83133192BC70E006D5275 /* en */ = {isa = PBXFileReference; lastKnownFileType = text.plist.strings; name = en; path = en.lproj/InfoPlist.strings; sourceTree = "<group>"; };
		AAF83135192BC70E006D5275 /* RedditAppTests.m */ = {isa = PBXFileReference; lastKnownFileType = sourcecode.c.objc; path = RedditAppTests.m; sourceTree = "<group>"; };
		AAF8A5B9192D3B63001BFA5D /* RedditService.h */ = {isa = PBXFileReference; fileEncoding = 4; lastKnownFileType = sourcecode.c.h; path = RedditService.h; sourceTree = "<group>"; };
		AAF8A5BA192D3B63001BFA5D /* RedditService.m */ = {isa = PBXFileReference; fileEncoding = 4; lastKnownFileType = sourcecode.c.objc; path = RedditService.m; sourceTree = "<group>"; };
/* End PBXFileReference section */

/* Begin PBXFrameworksBuildPhase section */
		AAF8310A192BC70E006D5275 /* Frameworks */ = {
			isa = PBXFrameworksBuildPhase;
			buildActionMask = 2147483647;
			files = (
				AAF83113192BC70E006D5275 /* CoreGraphics.framework in Frameworks */,
				AAF83115192BC70E006D5275 /* UIKit.framework in Frameworks */,
				AAF83111192BC70E006D5275 /* Foundation.framework in Frameworks */,
				9D2DFED7435E43C38882C972 /* libPods.a in Frameworks */,
			);
			runOnlyForDeploymentPostprocessing = 0;
		};
		AAF83125192BC70E006D5275 /* Frameworks */ = {
			isa = PBXFrameworksBuildPhase;
			buildActionMask = 2147483647;
			files = (
				AAF8312A192BC70E006D5275 /* XCTest.framework in Frameworks */,
				AAF8312C192BC70E006D5275 /* UIKit.framework in Frameworks */,
				AAF8312B192BC70E006D5275 /* Foundation.framework in Frameworks */,
			);
			runOnlyForDeploymentPostprocessing = 0;
		};
/* End PBXFrameworksBuildPhase section */

/* Begin PBXGroup section */
		AA5C03A9192E2BB500D31573 /* Controllers */ = {
			isa = PBXGroup;
			children = (
				AA5C03AD192E2D3900D31573 /* MainViewController.h */,
				AA5C03AE192E2D3900D31573 /* MainViewController.m */,
			);
			name = Controllers;
			sourceTree = "<group>";
		};
		AAF83104192BC70E006D5275 = {
			isa = PBXGroup;
			children = (
				AAF83116192BC70E006D5275 /* RedditApp */,
				AAF8312F192BC70E006D5275 /* RedditAppTests */,
				AAF8310F192BC70E006D5275 /* Frameworks */,
				AAF8310E192BC70E006D5275 /* Products */,
				9A51AF9DF7E440C1BEB0BA6B /* Pods.xcconfig */,
			);
			sourceTree = "<group>";
		};
		AAF8310E192BC70E006D5275 /* Products */ = {
			isa = PBXGroup;
			children = (
				AAF8310D192BC70E006D5275 /* RedditApp.app */,
				AAF83128192BC70E006D5275 /* RedditAppTests.xctest */,
			);
			name = Products;
			sourceTree = "<group>";
		};
		AAF8310F192BC70E006D5275 /* Frameworks */ = {
			isa = PBXGroup;
			children = (
				AAF83110192BC70E006D5275 /* Foundation.framework */,
				AAF83112192BC70E006D5275 /* CoreGraphics.framework */,
				AAF83114192BC70E006D5275 /* UIKit.framework */,
				AAF83129192BC70E006D5275 /* XCTest.framework */,
				812DB0B5CABC4FAAAFA5CF8F /* libPods.a */,
			);
			name = Frameworks;
			sourceTree = "<group>";
		};
		AAF83116192BC70E006D5275 /* RedditApp */ = {
			isa = PBXGroup;
			children = (
				AA5C03A9192E2BB500D31573 /* Controllers */,
				AAF8A5B8192D3B52001BFA5D /* RedditService */,
				AAF8311F192BC70E006D5275 /* AppDelegate.h */,
				AAF83120192BC70E006D5275 /* AppDelegate.m */,
				AAF83122192BC70E006D5275 /* Images.xcassets */,
				AAF83117192BC70E006D5275 /* Supporting Files */,
			);
			path = RedditApp;
			sourceTree = "<group>";
		};
		AAF83117192BC70E006D5275 /* Supporting Files */ = {
			isa = PBXGroup;
			children = (
				AAF83118192BC70E006D5275 /* RedditApp-Info.plist */,
				AAF83119192BC70E006D5275 /* InfoPlist.strings */,
				AAF8311C192BC70E006D5275 /* main.m */,
				AAF8311E192BC70E006D5275 /* RedditApp-Prefix.pch */,
			);
			name = "Supporting Files";
			sourceTree = "<group>";
		};
		AAF8312F192BC70E006D5275 /* RedditAppTests */ = {
			isa = PBXGroup;
			children = (
				AAF83135192BC70E006D5275 /* RedditAppTests.m */,
				AAF83130192BC70E006D5275 /* Supporting Files */,
			);
			path = RedditAppTests;
			sourceTree = "<group>";
		};
		AAF83130192BC70E006D5275 /* Supporting Files */ = {
			isa = PBXGroup;
			children = (
				AAF83131192BC70E006D5275 /* RedditAppTests-Info.plist */,
				AAF83132192BC70E006D5275 /* InfoPlist.strings */,
			);
			name = "Supporting Files";
			sourceTree = "<group>";
		};
		AAF8A5B8192D3B52001BFA5D /* RedditService */ = {
			isa = PBXGroup;
			children = (
				AAF8A5B9192D3B63001BFA5D /* RedditService.h */,
				AAF8A5BA192D3B63001BFA5D /* RedditService.m */,
			);
			name = RedditService;
			sourceTree = "<group>";
		};
/* End PBXGroup section */

/* Begin PBXNativeTarget section */
		AAF8310C192BC70E006D5275 /* RedditApp */ = {
			isa = PBXNativeTarget;
			buildConfigurationList = AAF83139192BC70E006D5275 /* Build configuration list for PBXNativeTarget "RedditApp" */;
			buildPhases = (
				40ADDC1CF3E4456C896A3B65 /* Check Pods Manifest.lock */,
				AAF83109192BC70E006D5275 /* Sources */,
				AAF8310A192BC70E006D5275 /* Frameworks */,
				AAF8310B192BC70E006D5275 /* Resources */,
				656FD5A034784B57932535C7 /* Copy Pods Resources */,
			);
			buildRules = (
			);
			dependencies = (
			);
			name = RedditApp;
			productName = RedditApp;
			productReference = AAF8310D192BC70E006D5275 /* RedditApp.app */;
			productType = "com.apple.product-type.application";
		};
		AAF83127192BC70E006D5275 /* RedditAppTests */ = {
			isa = PBXNativeTarget;
			buildConfigurationList = AAF8313C192BC70E006D5275 /* Build configuration list for PBXNativeTarget "RedditAppTests" */;
			buildPhases = (
				AAF83124192BC70E006D5275 /* Sources */,
				AAF83125192BC70E006D5275 /* Frameworks */,
				AAF83126192BC70E006D5275 /* Resources */,
			);
			buildRules = (
			);
			dependencies = (
				AAF8312E192BC70E006D5275 /* PBXTargetDependency */,
			);
			name = RedditAppTests;
			productName = RedditAppTests;
			productReference = AAF83128192BC70E006D5275 /* RedditAppTests.xctest */;
			productType = "com.apple.product-type.bundle.unit-test";
		};
/* End PBXNativeTarget section */

/* Begin PBXProject section */
		AAF83105192BC70E006D5275 /* Project object */ = {
			isa = PBXProject;
			attributes = {
				LastUpgradeCheck = 0500;
				ORGANIZATIONNAME = "Rajul Arora";
				TargetAttributes = {
					AAF83127192BC70E006D5275 = {
						TestTargetID = AAF8310C192BC70E006D5275;
					};
				};
			};
			buildConfigurationList = AAF83108192BC70E006D5275 /* Build configuration list for PBXProject "RedditApp" */;
			compatibilityVersion = "Xcode 3.2";
			developmentRegion = English;
			hasScannedForEncodings = 0;
			knownRegions = (
				en,
			);
			mainGroup = AAF83104192BC70E006D5275;
			productRefGroup = AAF8310E192BC70E006D5275 /* Products */;
			projectDirPath = "";
			projectRoot = "";
			targets = (
				AAF8310C192BC70E006D5275 /* RedditApp */,
				AAF83127192BC70E006D5275 /* RedditAppTests */,
			);
		};
/* End PBXProject section */

/* Begin PBXResourcesBuildPhase section */
		AAF8310B192BC70E006D5275 /* Resources */ = {
			isa = PBXResourcesBuildPhase;
			buildActionMask = 2147483647;
			files = (
				AAF8311B192BC70E006D5275 /* InfoPlist.strings in Resources */,
				AAF83123192BC70E006D5275 /* Images.xcassets in Resources */,
			);
			runOnlyForDeploymentPostprocessing = 0;
		};
		AAF83126192BC70E006D5275 /* Resources */ = {
			isa = PBXResourcesBuildPhase;
			buildActionMask = 2147483647;
			files = (
				AAF83134192BC70E006D5275 /* InfoPlist.strings in Resources */,
			);
			runOnlyForDeploymentPostprocessing = 0;
		};
/* End PBXResourcesBuildPhase section */

/* Begin PBXShellScriptBuildPhase section */
		40ADDC1CF3E4456C896A3B65 /* Check Pods Manifest.lock */ = {
			isa = PBXShellScriptBuildPhase;
			buildActionMask = 2147483647;
			files = (
			);
			inputPaths = (
			);
			name = "Check Pods Manifest.lock";
			outputPaths = (
			);
			runOnlyForDeploymentPostprocessing = 0;
			shellPath = /bin/sh;
			shellScript = "diff \"${PODS_ROOT}/../Podfile.lock\" \"${PODS_ROOT}/Manifest.lock\" > /dev/null\nif [[ $? != 0 ]] ; then\n    cat << EOM\nerror: The sandbox is not in sync with the Podfile.lock. Run 'pod install' or update your CocoaPods installation.\nEOM\n    exit 1\nfi\n";
			showEnvVarsInLog = 0;
		};
		656FD5A034784B57932535C7 /* Copy Pods Resources */ = {
			isa = PBXShellScriptBuildPhase;
			buildActionMask = 2147483647;
			files = (
			);
			inputPaths = (
			);
			name = "Copy Pods Resources";
			outputPaths = (
			);
			runOnlyForDeploymentPostprocessing = 0;
			shellPath = /bin/sh;
			shellScript = "\"${SRCROOT}/Pods/Pods-resources.sh\"\n";
			showEnvVarsInLog = 0;
		};
/* End PBXShellScriptBuildPhase section */

/* Begin PBXSourcesBuildPhase section */
		AAF83109192BC70E006D5275 /* Sources */ = {
			isa = PBXSourcesBuildPhase;
			buildActionMask = 2147483647;
			files = (
				AAF83121192BC70E006D5275 /* AppDelegate.m in Sources */,
				AAF8311D192BC70E006D5275 /* main.m in Sources */,
				AAF8A5BB192D3B63001BFA5D /* RedditService.m in Sources */,
				AA5C03AF192E2D3900D31573 /* MainViewController.m in Sources */,
			);
			runOnlyForDeploymentPostprocessing = 0;
		};
		AAF83124192BC70E006D5275 /* Sources */ = {
			isa = PBXSourcesBuildPhase;
			buildActionMask = 2147483647;
			files = (
				AAF83136192BC70E006D5275 /* RedditAppTests.m in Sources */,
			);
			runOnlyForDeploymentPostprocessing = 0;
		};
/* End PBXSourcesBuildPhase section */

/* Begin PBXTargetDependency section */
		AAF8312E192BC70E006D5275 /* PBXTargetDependency */ = {
			isa = PBXTargetDependency;
			target = AAF8310C192BC70E006D5275 /* RedditApp */;
			targetProxy = AAF8312D192BC70E006D5275 /* PBXContainerItemProxy */;
		};
/* End PBXTargetDependency section */

/* Begin PBXVariantGroup section */
		AAF83119192BC70E006D5275 /* InfoPlist.strings */ = {
			isa = PBXVariantGroup;
			children = (
				AAF8311A192BC70E006D5275 /* en */,
			);
			name = InfoPlist.strings;
			sourceTree = "<group>";
		};
		AAF83132192BC70E006D5275 /* InfoPlist.strings */ = {
			isa = PBXVariantGroup;
			children = (
				AAF83133192BC70E006D5275 /* en */,
			);
			name = InfoPlist.strings;
			sourceTree = "<group>";
		};
/* End PBXVariantGroup section */

/* Begin XCBuildConfiguration section */
		AAF83137192BC70E006D5275 /* Debug */ = {
			isa = XCBuildConfiguration;
			buildSettings = {
				ALWAYS_SEARCH_USER_PATHS = NO;
				ARCHS = "$(ARCHS_STANDARD_INCLUDING_64_BIT)";
				CLANG_CXX_LANGUAGE_STANDARD = "gnu++0x";
				CLANG_CXX_LIBRARY = "libc++";
				CLANG_ENABLE_MODULES = YES;
				CLANG_ENABLE_OBJC_ARC = YES;
				CLANG_WARN_BOOL_CONVERSION = YES;
				CLANG_WARN_CONSTANT_CONVERSION = YES;
				CLANG_WARN_DIRECT_OBJC_ISA_USAGE = YES_ERROR;
				CLANG_WARN_EMPTY_BODY = YES;
				CLANG_WARN_ENUM_CONVERSION = YES;
				CLANG_WARN_INT_CONVERSION = YES;
				CLANG_WARN_OBJC_ROOT_CLASS = YES_ERROR;
				CLANG_WARN__DUPLICATE_METHOD_MATCH = YES;
				"CODE_SIGN_IDENTITY[sdk=iphoneos*]" = "iPhone Developer";
				COPY_PHASE_STRIP = NO;
				GCC_C_LANGUAGE_STANDARD = gnu99;
				GCC_DYNAMIC_NO_PIC = NO;
				GCC_OPTIMIZATION_LEVEL = 0;
				GCC_PREPROCESSOR_DEFINITIONS = (
					"DEBUG=1",
					"$(inherited)",
				);
				GCC_SYMBOLS_PRIVATE_EXTERN = NO;
				GCC_WARN_64_TO_32_BIT_CONVERSION = YES;
				GCC_WARN_ABOUT_RETURN_TYPE = YES_ERROR;
				GCC_WARN_UNDECLARED_SELECTOR = YES;
				GCC_WARN_UNINITIALIZED_AUTOS = YES;
				GCC_WARN_UNUSED_FUNCTION = YES;
				GCC_WARN_UNUSED_VARIABLE = YES;
				IPHONEOS_DEPLOYMENT_TARGET = 7.0;
				ONLY_ACTIVE_ARCH = YES;
				SDKROOT = iphoneos;
			};
			name = Debug;
		};
		AAF83138192BC70E006D5275 /* Release */ = {
			isa = XCBuildConfiguration;
			buildSettings = {
				ALWAYS_SEARCH_USER_PATHS = NO;
				ARCHS = "$(ARCHS_STANDARD_INCLUDING_64_BIT)";
				CLANG_CXX_LANGUAGE_STANDARD = "gnu++0x";
				CLANG_CXX_LIBRARY = "libc++";
				CLANG_ENABLE_MODULES = YES;
				CLANG_ENABLE_OBJC_ARC = YES;
				CLANG_WARN_BOOL_CONVERSION = YES;
				CLANG_WARN_CONSTANT_CONVERSION = YES;
				CLANG_WARN_DIRECT_OBJC_ISA_USAGE = YES_ERROR;
				CLANG_WARN_EMPTY_BODY = YES;
				CLANG_WARN_ENUM_CONVERSION = YES;
				CLANG_WARN_INT_CONVERSION = YES;
				CLANG_WARN_OBJC_ROOT_CLASS = YES_ERROR;
				CLANG_WARN__DUPLICATE_METHOD_MATCH = YES;
				"CODE_SIGN_IDENTITY[sdk=iphoneos*]" = "iPhone Developer";
				COPY_PHASE_STRIP = YES;
				ENABLE_NS_ASSERTIONS = NO;
				GCC_C_LANGUAGE_STANDARD = gnu99;
				GCC_WARN_64_TO_32_BIT_CONVERSION = YES;
				GCC_WARN_ABOUT_RETURN_TYPE = YES_ERROR;
				GCC_WARN_UNDECLARED_SELECTOR = YES;
				GCC_WARN_UNINITIALIZED_AUTOS = YES;
				GCC_WARN_UNUSED_FUNCTION = YES;
				GCC_WARN_UNUSED_VARIABLE = YES;
				IPHONEOS_DEPLOYMENT_TARGET = 7.0;
				SDKROOT = iphoneos;
				VALIDATE_PRODUCT = YES;
			};
			name = Release;
		};
		AAF8313A192BC70E006D5275 /* Debug */ = {
			isa = XCBuildConfiguration;
			baseConfigurationReference = 9A51AF9DF7E440C1BEB0BA6B /* Pods.xcconfig */;
			buildSettings = {
				ASSETCATALOG_COMPILER_APPICON_NAME = AppIcon;
				ASSETCATALOG_COMPILER_LAUNCHIMAGE_NAME = LaunchImage;
				GCC_PRECOMPILE_PREFIX_HEADER = YES;
				GCC_PREFIX_HEADER = "RedditApp/RedditApp-Prefix.pch";
				INFOPLIST_FILE = "RedditApp/RedditApp-Info.plist";
				PRODUCT_NAME = "$(TARGET_NAME)";
				WRAPPER_EXTENSION = app;
			};
			name = Debug;
		};
		AAF8313B192BC70E006D5275 /* Release */ = {
			isa = XCBuildConfiguration;
			baseConfigurationReference = 9A51AF9DF7E440C1BEB0BA6B /* Pods.xcconfig */;
			buildSettings = {
				ASSETCATALOG_COMPILER_APPICON_NAME = AppIcon;
				ASSETCATALOG_COMPILER_LAUNCHIMAGE_NAME = LaunchImage;
				GCC_PRECOMPILE_PREFIX_HEADER = YES;
				GCC_PREFIX_HEADER = "RedditApp/RedditApp-Prefix.pch";
				INFOPLIST_FILE = "RedditApp/RedditApp-Info.plist";
				PRODUCT_NAME = "$(TARGET_NAME)";
				WRAPPER_EXTENSION = app;
			};
			name = Release;
		};
		AAF8313D192BC70E006D5275 /* Debug */ = {
			isa = XCBuildConfiguration;
			buildSettings = {
				ARCHS = "$(ARCHS_STANDARD_INCLUDING_64_BIT)";
				BUNDLE_LOADER = "$(BUILT_PRODUCTS_DIR)/RedditApp.app/RedditApp";
				FRAMEWORK_SEARCH_PATHS = (
					"$(SDKROOT)/Developer/Library/Frameworks",
					"$(inherited)",
					"$(DEVELOPER_FRAMEWORKS_DIR)",
				);
				GCC_PRECOMPILE_PREFIX_HEADER = YES;
				GCC_PREFIX_HEADER = "RedditApp/RedditApp-Prefix.pch";
				GCC_PREPROCESSOR_DEFINITIONS = (
					"DEBUG=1",
					"$(inherited)",
				);
				INFOPLIST_FILE = "RedditAppTests/RedditAppTests-Info.plist";
				PRODUCT_NAME = "$(TARGET_NAME)";
				TEST_HOST = "$(BUNDLE_LOADER)";
				WRAPPER_EXTENSION = xctest;
			};
			name = Debug;
		};
		AAF8313E192BC70E006D5275 /* Release */ = {
			isa = XCBuildConfiguration;
			buildSettings = {
				ARCHS = "$(ARCHS_STANDARD_INCLUDING_64_BIT)";
				BUNDLE_LOADER = "$(BUILT_PRODUCTS_DIR)/RedditApp.app/RedditApp";
				FRAMEWORK_SEARCH_PATHS = (
					"$(SDKROOT)/Developer/Library/Frameworks",
					"$(inherited)",
					"$(DEVELOPER_FRAMEWORKS_DIR)",
				);
				GCC_PRECOMPILE_PREFIX_HEADER = YES;
				GCC_PREFIX_HEADER = "RedditApp/RedditApp-Prefix.pch";
				INFOPLIST_FILE = "RedditAppTests/RedditAppTests-Info.plist";
				PRODUCT_NAME = "$(TARGET_NAME)";
				TEST_HOST = "$(BUNDLE_LOADER)";
				WRAPPER_EXTENSION = xctest;
			};
			name = Release;
		};
/* End XCBuildConfiguration section */

/* Begin XCConfigurationList section */
		AAF83108192BC70E006D5275 /* Build configuration list for PBXProject "RedditApp" */ = {
			isa = XCConfigurationList;
			buildConfigurations = (
				AAF83137192BC70E006D5275 /* Debug */,
				AAF83138192BC70E006D5275 /* Release */,
			);
			defaultConfigurationIsVisible = 0;
			defaultConfigurationName = Release;
		};
		AAF83139192BC70E006D5275 /* Build configuration list for PBXNativeTarget "RedditApp" */ = {
			isa = XCConfigurationList;
			buildConfigurations = (
				AAF8313A192BC70E006D5275 /* Debug */,
				AAF8313B192BC70E006D5275 /* Release */,
			);
			defaultConfigurationIsVisible = 0;
			defaultConfigurationName = Release;
		};
		AAF8313C192BC70E006D5275 /* Build configuration list for PBXNativeTarget "RedditAppTests" */ = {
			isa = XCConfigurationList;
			buildConfigurations = (
				AAF8313D192BC70E006D5275 /* Debug */,
				AAF8313E192BC70E006D5275 /* Release */,
			);
			defaultConfigurationIsVisible = 0;
			defaultConfigurationName = Release;
		};
/* End XCConfigurationList section */
	};
	rootObject = AAF83105192BC70E006D5275 /* Project object */;
}
