// !$*UTF8*$!
{
	archiveVersion = 1;
	classes = {
	};
	objectVersion = 46;
	objects = {

/* Begin PBXBuildFile section */
		3F97F850E5244FE9922ECE03 /* libPods.a in Frameworks */ = {isa = PBXBuildFile; fileRef = 5971D12FDAF044D8AF5FACA7 /* libPods.a */; };
		8F081B8B19D3685D0067707B /* LoginViewController.swift in Sources */ = {isa = PBXBuildFile; fileRef = 8F081B8A19D3685D0067707B /* LoginViewController.swift */; };
		8F6868BA19D365590044ED0E /* AppDelegate.swift in Sources */ = {isa = PBXBuildFile; fileRef = 8F6868B919D365590044ED0E /* AppDelegate.swift */; };
		8F6868BF19D365590044ED0E /* Main.storyboard in Resources */ = {isa = PBXBuildFile; fileRef = 8F6868BD19D365590044ED0E /* Main.storyboard */; };
		8F6868C119D365590044ED0E /* Images.xcassets in Resources */ = {isa = PBXBuildFile; fileRef = 8F6868C019D365590044ED0E /* Images.xcassets */; };
		8F6868C419D365590044ED0E /* LaunchScreen.xib in Resources */ = {isa = PBXBuildFile; fileRef = 8F6868C219D365590044ED0E /* LaunchScreen.xib */; };
		8F6868D019D365590044ED0E /* RedditApplicationTests.swift in Sources */ = {isa = PBXBuildFile; fileRef = 8F6868CF19D365590044ED0E /* RedditApplicationTests.swift */; };
		8FC5D3F419D375D4007B7DCD /* RedditHelper.swift in Sources */ = {isa = PBXBuildFile; fileRef = 8FC5D3F319D375D4007B7DCD /* RedditHelper.swift */; };
		8FD1A2E419D4BC5A0037327C /* RedditApplication-Bridging-Header.m in Sources */ = {isa = PBXBuildFile; fileRef = 8FD1A2E319D4BC5A0037327C /* RedditApplication-Bridging-Header.m */; };
/* End PBXBuildFile section */

/* Begin PBXContainerItemProxy section */
		8F6868CA19D365590044ED0E /* PBXContainerItemProxy */ = {
			isa = PBXContainerItemProxy;
			containerPortal = 8F6868AC19D365590044ED0E /* Project object */;
			proxyType = 1;
			remoteGlobalIDString = 8F6868B319D365590044ED0E;
			remoteInfo = RedditApplication;
		};
/* End PBXContainerItemProxy section */

/* Begin PBXFileReference section */
		5971D12FDAF044D8AF5FACA7 /* libPods.a */ = {isa = PBXFileReference; explicitFileType = archive.ar; includeInIndex = 0; path = libPods.a; sourceTree = BUILT_PRODUCTS_DIR; };
		8F081B8A19D3685D0067707B /* LoginViewController.swift */ = {isa = PBXFileReference; fileEncoding = 4; lastKnownFileType = sourcecode.swift; path = LoginViewController.swift; sourceTree = "<group>"; };
		8F6868B419D365590044ED0E /* RedditApplication.app */ = {isa = PBXFileReference; explicitFileType = wrapper.application; includeInIndex = 0; path = RedditApplication.app; sourceTree = BUILT_PRODUCTS_DIR; };
		8F6868B819D365590044ED0E /* Info.plist */ = {isa = PBXFileReference; lastKnownFileType = text.plist.xml; path = Info.plist; sourceTree = "<group>"; };
		8F6868B919D365590044ED0E /* AppDelegate.swift */ = {isa = PBXFileReference; lastKnownFileType = sourcecode.swift; path = AppDelegate.swift; sourceTree = "<group>"; };
		8F6868BE19D365590044ED0E /* Base */ = {isa = PBXFileReference; lastKnownFileType = file.storyboard; name = Base; path = Base.lproj/Main.storyboard; sourceTree = "<group>"; };
		8F6868C019D365590044ED0E /* Images.xcassets */ = {isa = PBXFileReference; lastKnownFileType = folder.assetcatalog; path = Images.xcassets; sourceTree = "<group>"; };
		8F6868C319D365590044ED0E /* Base */ = {isa = PBXFileReference; lastKnownFileType = file.xib; name = Base; path = Base.lproj/LaunchScreen.xib; sourceTree = "<group>"; };
		8F6868C919D365590044ED0E /* RedditApplicationTests.xctest */ = {isa = PBXFileReference; explicitFileType = wrapper.cfbundle; includeInIndex = 0; path = RedditApplicationTests.xctest; sourceTree = BUILT_PRODUCTS_DIR; };
		8F6868CE19D365590044ED0E /* Info.plist */ = {isa = PBXFileReference; lastKnownFileType = text.plist.xml; path = Info.plist; sourceTree = "<group>"; };
		8F6868CF19D365590044ED0E /* RedditApplicationTests.swift */ = {isa = PBXFileReference; lastKnownFileType = sourcecode.swift; path = RedditApplicationTests.swift; sourceTree = "<group>"; };
		8FC5D3F319D375D4007B7DCD /* RedditHelper.swift */ = {isa = PBXFileReference; fileEncoding = 4; lastKnownFileType = sourcecode.swift; path = RedditHelper.swift; sourceTree = "<group>"; };
		8FD1A2E219D4BC590037327C /* RedditApplication-Bridging-Header.h */ = {isa = PBXFileReference; lastKnownFileType = sourcecode.c.h; path = "RedditApplication-Bridging-Header.h"; sourceTree = "<group>"; };
		8FD1A2E319D4BC5A0037327C /* RedditApplication-Bridging-Header.m */ = {isa = PBXFileReference; fileEncoding = 4; lastKnownFileType = sourcecode.c.objc; path = "RedditApplication-Bridging-Header.m"; sourceTree = "<group>"; };
		93D9C996E9644DD7BDBEA03B /* Pods.xcconfig */ = {isa = PBXFileReference; includeInIndex = 1; lastKnownFileType = text.xcconfig; name = Pods.xcconfig; path = Pods/Pods.xcconfig; sourceTree = "<group>"; };
/* End PBXFileReference section */

/* Begin PBXFrameworksBuildPhase section */
		8F6868B119D365590044ED0E /* Frameworks */ = {
			isa = PBXFrameworksBuildPhase;
			buildActionMask = 2147483647;
			files = (
				3F97F850E5244FE9922ECE03 /* libPods.a in Frameworks */,
			);
			runOnlyForDeploymentPostprocessing = 0;
		};
		8F6868C619D365590044ED0E /* Frameworks */ = {
			isa = PBXFrameworksBuildPhase;
			buildActionMask = 2147483647;
			files = (
			);
			runOnlyForDeploymentPostprocessing = 0;
		};
/* End PBXFrameworksBuildPhase section */

/* Begin PBXGroup section */
		364C0DD689664778A76B2761 /* Frameworks */ = {
			isa = PBXGroup;
			children = (
				5971D12FDAF044D8AF5FACA7 /* libPods.a */,
			);
			name = Frameworks;
			sourceTree = "<group>";
		};
		8F081B8719D3667D0067707B /* Controllers */ = {
			isa = PBXGroup;
			children = (
				8F081B8A19D3685D0067707B /* LoginViewController.swift */,
			);
			name = Controllers;
			sourceTree = "<group>";
		};
		8F081B8819D366930067707B /* Helpers */ = {
			isa = PBXGroup;
			children = (
				8FC5D3F319D375D4007B7DCD /* RedditHelper.swift */,
			);
			name = Helpers;
			sourceTree = "<group>";
		};
		8F081B8919D3669C0067707B /* Extensions */ = {
			isa = PBXGroup;
			children = (
			);
			name = Extensions;
			sourceTree = "<group>";
		};
		8F6868AB19D365590044ED0E = {
			isa = PBXGroup;
			children = (
				8F6868B619D365590044ED0E /* RedditApplication */,
				8F6868CC19D365590044ED0E /* RedditApplicationTests */,
				8F6868B519D365590044ED0E /* Products */,
				93D9C996E9644DD7BDBEA03B /* Pods.xcconfig */,
				364C0DD689664778A76B2761 /* Frameworks */,
			);
			sourceTree = "<group>";
		};
		8F6868B519D365590044ED0E /* Products */ = {
			isa = PBXGroup;
			children = (
				8F6868B419D365590044ED0E /* RedditApplication.app */,
				8F6868C919D365590044ED0E /* RedditApplicationTests.xctest */,
			);
			name = Products;
			sourceTree = "<group>";
		};
		8F6868B619D365590044ED0E /* RedditApplication */ = {
			isa = PBXGroup;
			children = (
				8F081B8919D3669C0067707B /* Extensions */,
				8F081B8819D366930067707B /* Helpers */,
				8F081B8719D3667D0067707B /* Controllers */,
				8F6868B919D365590044ED0E /* AppDelegate.swift */,
				8F6868BD19D365590044ED0E /* Main.storyboard */,
				8F6868C019D365590044ED0E /* Images.xcassets */,
				8F6868C219D365590044ED0E /* LaunchScreen.xib */,
				8F6868B719D365590044ED0E /* Supporting Files */,
				8FD1A2E319D4BC5A0037327C /* RedditApplication-Bridging-Header.m */,
				8FD1A2E219D4BC590037327C /* RedditApplication-Bridging-Header.h */,
			);
			path = RedditApplication;
			sourceTree = "<group>";
		};
		8F6868B719D365590044ED0E /* Supporting Files */ = {
			isa = PBXGroup;
			children = (
				8F6868B819D365590044ED0E /* Info.plist */,
			);
			name = "Supporting Files";
			sourceTree = "<group>";
		};
		8F6868CC19D365590044ED0E /* RedditApplicationTests */ = {
			isa = PBXGroup;
			children = (
				8F6868CF19D365590044ED0E /* RedditApplicationTests.swift */,
				8F6868CD19D365590044ED0E /* Supporting Files */,
			);
			path = RedditApplicationTests;
			sourceTree = "<group>";
		};
		8F6868CD19D365590044ED0E /* Supporting Files */ = {
			isa = PBXGroup;
			children = (
				8F6868CE19D365590044ED0E /* Info.plist */,
			);
			name = "Supporting Files";
			sourceTree = "<group>";
		};
/* End PBXGroup section */

/* Begin PBXNativeTarget section */
		8F6868B319D365590044ED0E /* RedditApplication */ = {
			isa = PBXNativeTarget;
			buildConfigurationList = 8F6868D319D365590044ED0E /* Build configuration list for PBXNativeTarget "RedditApplication" */;
			buildPhases = (
				869EFFDEA815464D93E63E92 /* Check Pods Manifest.lock */,
				8F6868B019D365590044ED0E /* Sources */,
				8F6868B119D365590044ED0E /* Frameworks */,
				8F6868B219D365590044ED0E /* Resources */,
				C8F3BC572492441DB78BD1EA /* Copy Pods Resources */,
			);
			buildRules = (
			);
			dependencies = (
			);
			name = RedditApplication;
			productName = RedditApplication;
			productReference = 8F6868B419D365590044ED0E /* RedditApplication.app */;
			productType = "com.apple.product-type.application";
		};
		8F6868C819D365590044ED0E /* RedditApplicationTests */ = {
			isa = PBXNativeTarget;
			buildConfigurationList = 8F6868D619D365590044ED0E /* Build configuration list for PBXNativeTarget "RedditApplicationTests" */;
			buildPhases = (
				8F6868C519D365590044ED0E /* Sources */,
				8F6868C619D365590044ED0E /* Frameworks */,
				8F6868C719D365590044ED0E /* Resources */,
			);
			buildRules = (
			);
			dependencies = (
				8F6868CB19D365590044ED0E /* PBXTargetDependency */,
			);
			name = RedditApplicationTests;
			productName = RedditApplicationTests;
			productReference = 8F6868C919D365590044ED0E /* RedditApplicationTests.xctest */;
			productType = "com.apple.product-type.bundle.unit-test";
		};
/* End PBXNativeTarget section */

/* Begin PBXProject section */
		8F6868AC19D365590044ED0E /* Project object */ = {
			isa = PBXProject;
			attributes = {
				LastUpgradeCheck = 0600;
				ORGANIZATIONNAME = "Rajul Arora";
				TargetAttributes = {
					8F6868B319D365590044ED0E = {
						CreatedOnToolsVersion = 6.0;
					};
					8F6868C819D365590044ED0E = {
						CreatedOnToolsVersion = 6.0;
						TestTargetID = 8F6868B319D365590044ED0E;
					};
				};
			};
			buildConfigurationList = 8F6868AF19D365590044ED0E /* Build configuration list for PBXProject "RedditApplication" */;
			compatibilityVersion = "Xcode 3.2";
			developmentRegion = English;
			hasScannedForEncodings = 0;
			knownRegions = (
				en,
				Base,
			);
			mainGroup = 8F6868AB19D365590044ED0E;
			productRefGroup = 8F6868B519D365590044ED0E /* Products */;
			projectDirPath = "";
			projectRoot = "";
			targets = (
				8F6868B319D365590044ED0E /* RedditApplication */,
				8F6868C819D365590044ED0E /* RedditApplicationTests */,
			);
		};
/* End PBXProject section */

/* Begin PBXResourcesBuildPhase section */
		8F6868B219D365590044ED0E /* Resources */ = {
			isa = PBXResourcesBuildPhase;
			buildActionMask = 2147483647;
			files = (
				8F6868BF19D365590044ED0E /* Main.storyboard in Resources */,
				8F6868C419D365590044ED0E /* LaunchScreen.xib in Resources */,
				8F6868C119D365590044ED0E /* Images.xcassets in Resources */,
			);
			runOnlyForDeploymentPostprocessing = 0;
		};
		8F6868C719D365590044ED0E /* Resources */ = {
			isa = PBXResourcesBuildPhase;
			buildActionMask = 2147483647;
			files = (
			);
			runOnlyForDeploymentPostprocessing = 0;
		};
/* End PBXResourcesBuildPhase section */

/* Begin PBXShellScriptBuildPhase section */
		869EFFDEA815464D93E63E92 /* Check Pods Manifest.lock */ = {
			isa = PBXShellScriptBuildPhase;
			buildActionMask = 2147483647;
			files = (
			);
			inputPaths = (
			);
			name = "Check Pods Manifest.lock";
			outputPaths = (
			);
			runOnlyForDeploymentPostprocessing = 0;
			shellPath = /bin/sh;
			shellScript = "diff \"${PODS_ROOT}/../Podfile.lock\" \"${PODS_ROOT}/Manifest.lock\" > /dev/null\nif [[ $? != 0 ]] ; then\n    cat << EOM\nerror: The sandbox is not in sync with the Podfile.lock. Run 'pod install' or update your CocoaPods installation.\nEOM\n    exit 1\nfi\n";
			showEnvVarsInLog = 0;
		};
		C8F3BC572492441DB78BD1EA /* Copy Pods Resources */ = {
			isa = PBXShellScriptBuildPhase;
			buildActionMask = 2147483647;
			files = (
			);
			inputPaths = (
			);
			name = "Copy Pods Resources";
			outputPaths = (
			);
			runOnlyForDeploymentPostprocessing = 0;
			shellPath = /bin/sh;
			shellScript = "\"${SRCROOT}/Pods/Pods-resources.sh\"\n";
			showEnvVarsInLog = 0;
		};
/* End PBXShellScriptBuildPhase section */

/* Begin PBXSourcesBuildPhase section */
		8F6868B019D365590044ED0E /* Sources */ = {
			isa = PBXSourcesBuildPhase;
			buildActionMask = 2147483647;
			files = (
				8FC5D3F419D375D4007B7DCD /* RedditHelper.swift in Sources */,
				8F081B8B19D3685D0067707B /* LoginViewController.swift in Sources */,
				8F6868BA19D365590044ED0E /* AppDelegate.swift in Sources */,
				8FD1A2E419D4BC5A0037327C /* RedditApplication-Bridging-Header.m in Sources */,
			);
			runOnlyForDeploymentPostprocessing = 0;
		};
		8F6868C519D365590044ED0E /* Sources */ = {
			isa = PBXSourcesBuildPhase;
			buildActionMask = 2147483647;
			files = (
				8F6868D019D365590044ED0E /* RedditApplicationTests.swift in Sources */,
			);
			runOnlyForDeploymentPostprocessing = 0;
		};
/* End PBXSourcesBuildPhase section */

/* Begin PBXTargetDependency section */
		8F6868CB19D365590044ED0E /* PBXTargetDependency */ = {
			isa = PBXTargetDependency;
			target = 8F6868B319D365590044ED0E /* RedditApplication */;
			targetProxy = 8F6868CA19D365590044ED0E /* PBXContainerItemProxy */;
		};
/* End PBXTargetDependency section */

/* Begin PBXVariantGroup section */
		8F6868BD19D365590044ED0E /* Main.storyboard */ = {
			isa = PBXVariantGroup;
			children = (
				8F6868BE19D365590044ED0E /* Base */,
			);
			name = Main.storyboard;
			sourceTree = "<group>";
		};
		8F6868C219D365590044ED0E /* LaunchScreen.xib */ = {
			isa = PBXVariantGroup;
			children = (
				8F6868C319D365590044ED0E /* Base */,
			);
			name = LaunchScreen.xib;
			sourceTree = "<group>";
		};
/* End PBXVariantGroup section */

/* Begin XCBuildConfiguration section */
		8F6868D119D365590044ED0E /* Debug */ = {
			isa = XCBuildConfiguration;
			buildSettings = {
				ALWAYS_SEARCH_USER_PATHS = NO;
				CLANG_CXX_LANGUAGE_STANDARD = "gnu++0x";
				CLANG_CXX_LIBRARY = "libc++";
				CLANG_ENABLE_MODULES = YES;
				CLANG_ENABLE_OBJC_ARC = YES;
				CLANG_WARN_BOOL_CONVERSION = YES;
				CLANG_WARN_CONSTANT_CONVERSION = YES;
				CLANG_WARN_DIRECT_OBJC_ISA_USAGE = YES_ERROR;
				CLANG_WARN_EMPTY_BODY = YES;
				CLANG_WARN_ENUM_CONVERSION = YES;
				CLANG_WARN_INT_CONVERSION = YES;
				CLANG_WARN_OBJC_ROOT_CLASS = YES_ERROR;
				CLANG_WARN_UNREACHABLE_CODE = YES;
				CLANG_WARN__DUPLICATE_METHOD_MATCH = YES;
				"CODE_SIGN_IDENTITY[sdk=iphoneos*]" = "iPhone Developer";
				COPY_PHASE_STRIP = NO;
				ENABLE_STRICT_OBJC_MSGSEND = YES;
				GCC_C_LANGUAGE_STANDARD = gnu99;
				GCC_DYNAMIC_NO_PIC = NO;
				GCC_OPTIMIZATION_LEVEL = 0;
				GCC_PREPROCESSOR_DEFINITIONS = (
					"DEBUG=1",
					"$(inherited)",
				);
				GCC_SYMBOLS_PRIVATE_EXTERN = NO;
				GCC_WARN_64_TO_32_BIT_CONVERSION = YES;
				GCC_WARN_ABOUT_RETURN_TYPE = YES_ERROR;
				GCC_WARN_UNDECLARED_SELECTOR = YES;
				GCC_WARN_UNINITIALIZED_AUTOS = YES_AGGRESSIVE;
				GCC_WARN_UNUSED_FUNCTION = YES;
				GCC_WARN_UNUSED_VARIABLE = YES;
				IPHONEOS_DEPLOYMENT_TARGET = 8.0;
				MTL_ENABLE_DEBUG_INFO = YES;
				ONLY_ACTIVE_ARCH = YES;
				SDKROOT = iphoneos;
				SWIFT_OPTIMIZATION_LEVEL = "-Onone";
				TARGETED_DEVICE_FAMILY = "1,2";
			};
			name = Debug;
		};
		8F6868D219D365590044ED0E /* Release */ = {
			isa = XCBuildConfiguration;
			buildSettings = {
				ALWAYS_SEARCH_USER_PATHS = NO;
				CLANG_CXX_LANGUAGE_STANDARD = "gnu++0x";
				CLANG_CXX_LIBRARY = "libc++";
				CLANG_ENABLE_MODULES = YES;
				CLANG_ENABLE_OBJC_ARC = YES;
				CLANG_WARN_BOOL_CONVERSION = YES;
				CLANG_WARN_CONSTANT_CONVERSION = YES;
				CLANG_WARN_DIRECT_OBJC_ISA_USAGE = YES_ERROR;
				CLANG_WARN_EMPTY_BODY = YES;
				CLANG_WARN_ENUM_CONVERSION = YES;
				CLANG_WARN_INT_CONVERSION = YES;
				CLANG_WARN_OBJC_ROOT_CLASS = YES_ERROR;
				CLANG_WARN_UNREACHABLE_CODE = YES;
				CLANG_WARN__DUPLICATE_METHOD_MATCH = YES;
				"CODE_SIGN_IDENTITY[sdk=iphoneos*]" = "iPhone Developer";
				COPY_PHASE_STRIP = YES;
				ENABLE_NS_ASSERTIONS = NO;
				ENABLE_STRICT_OBJC_MSGSEND = YES;
				GCC_C_LANGUAGE_STANDARD = gnu99;
				GCC_WARN_64_TO_32_BIT_CONVERSION = YES;
				GCC_WARN_ABOUT_RETURN_TYPE = YES_ERROR;
				GCC_WARN_UNDECLARED_SELECTOR = YES;
				GCC_WARN_UNINITIALIZED_AUTOS = YES_AGGRESSIVE;
				GCC_WARN_UNUSED_FUNCTION = YES;
				GCC_WARN_UNUSED_VARIABLE = YES;
				IPHONEOS_DEPLOYMENT_TARGET = 8.0;
				MTL_ENABLE_DEBUG_INFO = NO;
				SDKROOT = iphoneos;
				TARGETED_DEVICE_FAMILY = "1,2";
				VALIDATE_PRODUCT = YES;
			};
			name = Release;
		};
		8F6868D419D365590044ED0E /* Debug */ = {
			isa = XCBuildConfiguration;
			baseConfigurationReference = 93D9C996E9644DD7BDBEA03B /* Pods.xcconfig */;
			buildSettings = {
				ASSETCATALOG_COMPILER_APPICON_NAME = AppIcon;
				CLANG_ENABLE_MODULES = YES;
				INFOPLIST_FILE = RedditApplication/Info.plist;
				LD_RUNPATH_SEARCH_PATHS = "$(inherited) @executable_path/Frameworks";
				PRODUCT_NAME = "$(TARGET_NAME)";
				SWIFT_OBJC_BRIDGING_HEADER = "RedditApplication/RedditApplication-Bridging-Header.h";
				SWIFT_OPTIMIZATION_LEVEL = "-Onone";
			};
			name = Debug;
		};
		8F6868D519D365590044ED0E /* Release */ = {
			isa = XCBuildConfiguration;
			baseConfigurationReference = 93D9C996E9644DD7BDBEA03B /* Pods.xcconfig */;
			buildSettings = {
				ASSETCATALOG_COMPILER_APPICON_NAME = AppIcon;
				CLANG_ENABLE_MODULES = YES;
				INFOPLIST_FILE = RedditApplication/Info.plist;
				LD_RUNPATH_SEARCH_PATHS = "$(inherited) @executable_path/Frameworks";
				PRODUCT_NAME = "$(TARGET_NAME)";
				SWIFT_OBJC_BRIDGING_HEADER = "RedditApplication/RedditApplication-Bridging-Header.h";
			};
			name = Release;
		};
		8F6868D719D365590044ED0E /* Debug */ = {
			isa = XCBuildConfiguration;
			buildSettings = {
				BUNDLE_LOADER = "$(TEST_HOST)";
				FRAMEWORK_SEARCH_PATHS = (
					"$(SDKROOT)/Developer/Library/Frameworks",
					"$(inherited)",
				);
				GCC_PREPROCESSOR_DEFINITIONS = (
					"DEBUG=1",
					"$(inherited)",
				);
				INFOPLIST_FILE = RedditApplicationTests/Info.plist;
				LD_RUNPATH_SEARCH_PATHS = "$(inherited) @executable_path/Frameworks @loader_path/Frameworks";
				PRODUCT_NAME = "$(TARGET_NAME)";
				TEST_HOST = "$(BUILT_PRODUCTS_DIR)/RedditApplication.app/RedditApplication";
			};
			name = Debug;
		};
		8F6868D819D365590044ED0E /* Release */ = {
			isa = XCBuildConfiguration;
			buildSettings = {
				BUNDLE_LOADER = "$(TEST_HOST)";
				FRAMEWORK_SEARCH_PATHS = (
					"$(SDKROOT)/Developer/Library/Frameworks",
					"$(inherited)",
				);
				INFOPLIST_FILE = RedditApplicationTests/Info.plist;
				LD_RUNPATH_SEARCH_PATHS = "$(inherited) @executable_path/Frameworks @loader_path/Frameworks";
				PRODUCT_NAME = "$(TARGET_NAME)";
				TEST_HOST = "$(BUILT_PRODUCTS_DIR)/RedditApplication.app/RedditApplication";
			};
			name = Release;
		};
/* End XCBuildConfiguration section */

/* Begin XCConfigurationList section */
		8F6868AF19D365590044ED0E /* Build configuration list for PBXProject "RedditApplication" */ = {
			isa = XCConfigurationList;
			buildConfigurations = (
				8F6868D119D365590044ED0E /* Debug */,
				8F6868D219D365590044ED0E /* Release */,
			);
			defaultConfigurationIsVisible = 0;
			defaultConfigurationName = Release;
		};
		8F6868D319D365590044ED0E /* Build configuration list for PBXNativeTarget "RedditApplication" */ = {
			isa = XCConfigurationList;
			buildConfigurations = (
				8F6868D419D365590044ED0E /* Debug */,
				8F6868D519D365590044ED0E /* Release */,
			);
			defaultConfigurationIsVisible = 0;
			defaultConfigurationName = Release;
		};
		8F6868D619D365590044ED0E /* Build configuration list for PBXNativeTarget "RedditApplicationTests" */ = {
			isa = XCConfigurationList;
			buildConfigurations = (
				8F6868D719D365590044ED0E /* Debug */,
				8F6868D819D365590044ED0E /* Release */,
			);
			defaultConfigurationIsVisible = 0;
			defaultConfigurationName = Release;
		};
/* End XCConfigurationList section */
	};
	rootObject = 8F6868AC19D365590044ED0E /* Project object */;
}
